<?xml version="1.0" encoding="utf-8"?>
<Project ToolsVersion="4.0" xmlns="http://schemas.microsoft.com/developer/msbuild/2003">
  <ItemGroup>
    <ClCompile Include="main.cpp" />
    <ClCompile Include="stdafx.cpp">
      <Filter>Precompiled Headers</Filter>
    </ClCompile>
    <ClCompile Include="IsCompleteTests.cpp">
      <Filter>Tests</Filter>
    </ClCompile>
    <ClCompile Include="ContainerBuilderTests.cpp">
      <Filter>Tests</Filter>
    </ClCompile>
    <ClCompile Include="ContainerTests.cpp">
      <Filter>Tests</Filter>
    </ClCompile>
    <ClCompile Include="DefaultConstructibleTests.cpp">
      <Filter>Tests</Filter>
    </ClCompile>
    <ClCompile Include="MemoryTests.cpp">
      <Filter>Tests</Filter>
    </ClCompile>
    <ClCompile Include="NestedContainerTests.cpp">
      <Filter>Tests</Filter>
    </ClCompile>
    <ClCompile Include="PerformanceTests.cpp">
      <Filter>Tests</Filter>
    </ClCompile>
    <ClCompile Include="ProvidedDependenciesTests.cpp">
      <Filter>Tests</Filter>
    </ClCompile>
    <ClCompile Include="ProvidedInstanceFactoryRegistrationTests.cpp">
      <Filter>Tests</Filter>
    </ClCompile>
    <ClCompile Include="ProvidedInstanceRegistrationTests.cpp">
      <Filter>Tests</Filter>
    </ClCompile>
    <ClCompile Include="RegistrationTests.cpp">
      <Filter>Tests</Filter>
    </ClCompile>
    <ClCompile Include="PersistentInstanceRegistrationTests.cpp">
      <Filter>Tests</Filter>
    </ClCompile>
    <ClCompile Include="CircularDependencyTests.cpp">
      <Filter>Tests</Filter>
    </ClCompile>
    <ClCompile Include="FactoryTests.cpp">
      <Filter>Tests</Filter>
    </ClCompile>
    <ClCompile Include="UseIfNoneTests.cpp">
      <Filter>Tests</Filter>
    </ClCompile>
    <ClCompile Include="NamedTests.cpp">
      <Filter>Tests</Filter>
    </ClCompile>
    <ClCompile Include="ContainerBuilderValidationTests.cpp">
      <Filter>Tests</Filter>
    </ClCompile>
    <ClCompile Include="RuntimeRegistrationTests.cpp">
      <Filter>Tests</Filter>
    </ClCompile>
  </ItemGroup>
  <ItemGroup>
    <Filter Include="Tests">
      <UniqueIdentifier>{2684b273-00f4-47b8-97ec-d4f496718724}</UniqueIdentifier>
    </Filter>
    <Filter Include="Precompiled Headers">
      <UniqueIdentifier>{4b467aea-2d92-41d7-8120-36ff59078769}</UniqueIdentifier>
    </Filter>
    <Filter Include="Utils">
      <UniqueIdentifier>{f06d8f34-4c3f-4a76-875a-5ff16410be56}</UniqueIdentifier>
    </Filter>
  </ItemGroup>
  <ItemGroup>
    <ClInclude Include="stdafx.h">
      <Filter>Precompiled Headers</Filter>
    </ClInclude>
    <ClInclude Include="targetver.h">
      <Filter>Precompiled Headers</Filter>
    </ClInclude>
    <ClInclude Include="TestingTypes.h">
      <Filter>Tests</Filter>
    </ClInclude>
    <ClInclude Include="Benchmark.h">
      <Filter>Utils</Filter>
    </ClInclude>
    <ClInclude Include="DurationHumanizer.h">
      <Filter>Utils</Filter>
    </ClInclude>
    <ClInclude Include="PercentileCalculator.h">
      <Filter>Utils</Filter>
    </ClInclude>
    <ClInclude Include="DurationUnit.h">
      <Filter>Utils</Filter>
    </ClInclude>
  </ItemGroup>
</Project>